
Microsoft Visual Studio Solution File, Format Version 12.00
# Visual Studio Version 16
VisualStudioVersion = 16.0.31129.286
MinimumVisualStudioVersion = 10.0.40219.1
Project("{FAE04EC0-301F-11D3-BF4B-00C04F79EFBC}") = "ProyectoFinalLpw", "ProyectoFinalLpw\ProyectoFinalLpw.csproj", "{E7C64D86-11FB-4383-8AE5-096F9A078E6E}"
EndProject
Global
	GlobalSection(SolutionConfigurationPlatforms) = preSolution
		Debug|Any CPU = Debug|Any CPU
		Release|Any CPU = Release|Any CPU
	EndGlobalSection
	GlobalSection(ProjectConfigurationPlatforms) = postSolution
		{E7C64D86-11FB-4383-8AE5-096F9A078E6E}.Debug|Any CPU.ActiveCfg = Debug|Any CPU
		{E7C64D86-11FB-4383-8AE5-096F9A078E6E}.Debug|Any CPU.Build.0 = Debug|Any CPU
		{E7C64D86-11FB-4383-8AE5-096F9A078E6E}.Release|Any CPU.ActiveCfg = Release|Any CPU
		{E7C64D86-11FB-4383-8AE5-096F9A078E6E}.Release|Any CPU.Build.0 = Release|Any CPU
	EndGlobalSection
	GlobalSection(SolutionProperties) = preSolution
		HideSolutionNode = FALSE
	EndGlobalSection
	GlobalSection(ExtensibilityGlobals) = postSolution
		SolutionGuid = {F4F7B6A6-60FA-4FF3-9DA3-1D41AC9CFEC6}
	EndGlobalSection
EndGlobal
